
Microsoft Visual Studio Solution File, Format Version 12.00
# Visual Studio 15
VisualStudioVersion = 15.0.27703.2000
MinimumVisualStudioVersion = 10.0.40219.1
Project("{888888A0-9F3D-457C-B088-3A5042F75D52}") = "DataTransformator", "DataTransformator\DataTransformator.pyproj", "{BE730272-DBF1-4DB5-8AFA-E696347BC95A}"
EndProject
Global
	GlobalSection(SolutionConfigurationPlatforms) = preSolution
		Debug|Any CPU = Debug|Any CPU
		Release|Any CPU = Release|Any CPU
	EndGlobalSection
	GlobalSection(ProjectConfigurationPlatforms) = postSolution
		{BE730272-DBF1-4DB5-8AFA-E696347BC95A}.Debug|Any CPU.ActiveCfg = Debug|Any CPU
		{BE730272-DBF1-4DB5-8AFA-E696347BC95A}.Release|Any CPU.ActiveCfg = Release|Any CPU
	EndGlobalSection
	GlobalSection(SolutionProperties) = preSolution
		HideSolutionNode = FALSE
	EndGlobalSection
	GlobalSection(ExtensibilityGlobals) = postSolution
		SolutionGuid = {D2AA6E1A-6F44-4D50-A802-E68D79DC1DAC}
	EndGlobalSection
EndGlobal
